
Microsoft Visual Studio Solution File, Format Version 12.00
# Visual Studio 15
VisualStudioVersion = 15.0.28307.1169
MinimumVisualStudioVersion = 10.0.40219.1
Project("{8BC9CEB8-8B4A-11D0-8D11-00A0C91BC942}") = "Algo_QuickSort", "Algo_QuickSort\Algo_QuickSort.vcxproj", "{C3A1229C-89D6-4729-8898-E647E639E4C9}"
EndProject
Project("{8BC9CEB8-8B4A-11D0-8D11-00A0C91BC942}") = "Algo_MergeSort", "Algo_MergeSort\Algo_MergeSort.vcxproj", "{A885BE5D-C033-4B59-9890-3E12B0645358}"
EndProject
Project("{8BC9CEB8-8B4A-11D0-8D11-00A0C91BC942}") = "Algo_InsertionSort", "Algo_InsertionSort\Algo_InsertionSort.vcxproj", "{21D8149F-E507-45AA-AD8E-AF2027219376}"
EndProject
Project("{8BC9CEB8-8B4A-11D0-8D11-00A0C91BC942}") = "Algo_insertionSort2", "Algo_insertionSort2\Algo_insertionSort2.vcxproj", "{7CC937A4-C516-4E7C-B805-D7E5185E8BB1}"
EndProject
Project("{8BC9CEB8-8B4A-11D0-8D11-00A0C91BC942}") = "Algo_BubbleSort", "Algo_BubbleSort\Algo_BubbleSort.vcxproj", "{22881717-BC6D-4501-B5AE-33B208EAEC49}"
EndProject
Project("{8BC9CEB8-8B4A-11D0-8D11-00A0C91BC942}") = "Algo_Recursive_Combination", "Algo_Recursive_Combination\Algo_Recursive_Combination.vcxproj", "{CD334EBD-CFE3-4C19-80E8-F55201D61E16}"
EndProject
Project("{8BC9CEB8-8B4A-11D0-8D11-00A0C91BC942}") = "Algo_InputOutput", "Algo_InputOutput\Algo_InputOutput.vcxproj", "{15AA0961-97A4-47E3-8D99-AD6C955C036C}"
EndProject
Global
	GlobalSection(SolutionConfigurationPlatforms) = preSolution
		Debug|x64 = Debug|x64
		Debug|x86 = Debug|x86
		Release|x64 = Release|x64
		Release|x86 = Release|x86
	EndGlobalSection
	GlobalSection(ProjectConfigurationPlatforms) = postSolution
		{C3A1229C-89D6-4729-8898-E647E639E4C9}.Debug|x64.ActiveCfg = Debug|x64
		{C3A1229C-89D6-4729-8898-E647E639E4C9}.Debug|x64.Build.0 = Debug|x64
		{C3A1229C-89D6-4729-8898-E647E639E4C9}.Debug|x86.ActiveCfg = Debug|Win32
		{C3A1229C-89D6-4729-8898-E647E639E4C9}.Debug|x86.Build.0 = Debug|Win32
		{C3A1229C-89D6-4729-8898-E647E639E4C9}.Release|x64.ActiveCfg = Release|x64
		{C3A1229C-89D6-4729-8898-E647E639E4C9}.Release|x64.Build.0 = Release|x64
		{C3A1229C-89D6-4729-8898-E647E639E4C9}.Release|x86.ActiveCfg = Release|Win32
		{C3A1229C-89D6-4729-8898-E647E639E4C9}.Release|x86.Build.0 = Release|Win32
		{A885BE5D-C033-4B59-9890-3E12B0645358}.Debug|x64.ActiveCfg = Debug|x64
		{A885BE5D-C033-4B59-9890-3E12B0645358}.Debug|x64.Build.0 = Debug|x64
		{A885BE5D-C033-4B59-9890-3E12B0645358}.Debug|x86.ActiveCfg = Debug|Win32
		{A885BE5D-C033-4B59-9890-3E12B0645358}.Debug|x86.Build.0 = Debug|Win32
		{A885BE5D-C033-4B59-9890-3E12B0645358}.Release|x64.ActiveCfg = Release|x64
		{A885BE5D-C033-4B59-9890-3E12B0645358}.Release|x64.Build.0 = Release|x64
		{A885BE5D-C033-4B59-9890-3E12B0645358}.Release|x86.ActiveCfg = Release|Win32
		{A885BE5D-C033-4B59-9890-3E12B0645358}.Release|x86.Build.0 = Release|Win32
		{21D8149F-E507-45AA-AD8E-AF2027219376}.Debug|x64.ActiveCfg = Debug|x64
		{21D8149F-E507-45AA-AD8E-AF2027219376}.Debug|x64.Build.0 = Debug|x64
		{21D8149F-E507-45AA-AD8E-AF2027219376}.Debug|x86.ActiveCfg = Debug|Win32
		{21D8149F-E507-45AA-AD8E-AF2027219376}.Debug|x86.Build.0 = Debug|Win32
		{21D8149F-E507-45AA-AD8E-AF2027219376}.Release|x64.ActiveCfg = Release|x64
		{21D8149F-E507-45AA-AD8E-AF2027219376}.Release|x64.Build.0 = Release|x64
		{21D8149F-E507-45AA-AD8E-AF2027219376}.Release|x86.ActiveCfg = Release|Win32
		{21D8149F-E507-45AA-AD8E-AF2027219376}.Release|x86.Build.0 = Release|Win32
		{7CC937A4-C516-4E7C-B805-D7E5185E8BB1}.Debug|x64.ActiveCfg = Debug|x64
		{7CC937A4-C516-4E7C-B805-D7E5185E8BB1}.Debug|x64.Build.0 = Debug|x64
		{7CC937A4-C516-4E7C-B805-D7E5185E8BB1}.Debug|x86.ActiveCfg = Debug|Win32
		{7CC937A4-C516-4E7C-B805-D7E5185E8BB1}.Debug|x86.Build.0 = Debug|Win32
		{7CC937A4-C516-4E7C-B805-D7E5185E8BB1}.Release|x64.ActiveCfg = Release|x64
		{7CC937A4-C516-4E7C-B805-D7E5185E8BB1}.Release|x64.Build.0 = Release|x64
		{7CC937A4-C516-4E7C-B805-D7E5185E8BB1}.Release|x86.ActiveCfg = Release|Win32
		{7CC937A4-C516-4E7C-B805-D7E5185E8BB1}.Release|x86.Build.0 = Release|Win32
		{22881717-BC6D-4501-B5AE-33B208EAEC49}.Debug|x64.ActiveCfg = Debug|x64
		{22881717-BC6D-4501-B5AE-33B208EAEC49}.Debug|x64.Build.0 = Debug|x64
		{22881717-BC6D-4501-B5AE-33B208EAEC49}.Debug|x86.ActiveCfg = Debug|Win32
		{22881717-BC6D-4501-B5AE-33B208EAEC49}.Debug|x86.Build.0 = Debug|Win32
		{22881717-BC6D-4501-B5AE-33B208EAEC49}.Release|x64.ActiveCfg = Release|x64
		{22881717-BC6D-4501-B5AE-33B208EAEC49}.Release|x64.Build.0 = Release|x64
		{22881717-BC6D-4501-B5AE-33B208EAEC49}.Release|x86.ActiveCfg = Release|Win32
		{22881717-BC6D-4501-B5AE-33B208EAEC49}.Release|x86.Build.0 = Release|Win32
		{CD334EBD-CFE3-4C19-80E8-F55201D61E16}.Debug|x64.ActiveCfg = Debug|x64
		{CD334EBD-CFE3-4C19-80E8-F55201D61E16}.Debug|x64.Build.0 = Debug|x64
		{CD334EBD-CFE3-4C19-80E8-F55201D61E16}.Debug|x86.ActiveCfg = Debug|Win32
		{CD334EBD-CFE3-4C19-80E8-F55201D61E16}.Debug|x86.Build.0 = Debug|Win32
		{CD334EBD-CFE3-4C19-80E8-F55201D61E16}.Release|x64.ActiveCfg = Release|x64
		{CD334EBD-CFE3-4C19-80E8-F55201D61E16}.Release|x64.Build.0 = Release|x64
		{CD334EBD-CFE3-4C19-80E8-F55201D61E16}.Release|x86.ActiveCfg = Release|Win32
		{CD334EBD-CFE3-4C19-80E8-F55201D61E16}.Release|x86.Build.0 = Release|Win32
		{15AA0961-97A4-47E3-8D99-AD6C955C036C}.Debug|x64.ActiveCfg = Debug|x64
		{15AA0961-97A4-47E3-8D99-AD6C955C036C}.Debug|x64.Build.0 = Debug|x64
		{15AA0961-97A4-47E3-8D99-AD6C955C036C}.Debug|x86.ActiveCfg = Debug|Win32
		{15AA0961-97A4-47E3-8D99-AD6C955C036C}.Debug|x86.Build.0 = Debug|Win32
		{15AA0961-97A4-47E3-8D99-AD6C955C036C}.Release|x64.ActiveCfg = Release|x64
		{15AA0961-97A4-47E3-8D99-AD6C955C036C}.Release|x64.Build.0 = Release|x64
		{15AA0961-97A4-47E3-8D99-AD6C955C036C}.Release|x86.ActiveCfg = Release|Win32
		{15AA0961-97A4-47E3-8D99-AD6C955C036C}.Release|x86.Build.0 = Release|Win32
	EndGlobalSection
	GlobalSection(SolutionProperties) = preSolution
		HideSolutionNode = FALSE
	EndGlobalSection
	GlobalSection(ExtensibilityGlobals) = postSolution
		SolutionGuid = {E57537D3-7509-417C-9031-5381C80269FB}
	EndGlobalSection
EndGlobal
